
Microsoft Visual Studio Solution File, Format Version 12.00
# Visual Studio Version 17
VisualStudioVersion = 17.7.34221.43
MinimumVisualStudioVersion = 10.0.40219.1
Project("{FAE04EC0-301F-11D3-BF4B-00C04F79EFBC}") = "ProjectNE", "ProjectNE.csproj", "{68EC0E91-FB47-4BE9-897A-F827D4F661B2}"
EndProject
Global
	GlobalSection(SolutionConfigurationPlatforms) = preSolution
		Debug|Any CPU = Debug|Any CPU
		Release|Any CPU = Release|Any CPU
	EndGlobalSection
	GlobalSection(ProjectConfigurationPlatforms) = postSolution
		{68EC0E91-FB47-4BE9-897A-F827D4F661B2}.Debug|Any CPU.ActiveCfg = Debug|Any CPU
		{68EC0E91-FB47-4BE9-897A-F827D4F661B2}.Debug|Any CPU.Build.0 = Debug|Any CPU
		{68EC0E91-FB47-4BE9-897A-F827D4F661B2}.Debug|Any CPU.Deploy.0 = Debug|Any CPU
		{68EC0E91-FB47-4BE9-897A-F827D4F661B2}.Release|Any CPU.ActiveCfg = Release|Any CPU
		{68EC0E91-FB47-4BE9-897A-F827D4F661B2}.Release|Any CPU.Build.0 = Release|Any CPU
		{68EC0E91-FB47-4BE9-897A-F827D4F661B2}.Release|Any CPU.Deploy.0 = Release|Any CPU
	EndGlobalSection
	GlobalSection(SolutionProperties) = preSolution
		HideSolutionNode = FALSE
	EndGlobalSection
	GlobalSection(ExtensibilityGlobals) = postSolution
		SolutionGuid = {A9AE8DF3-94A9-44A1-ADC7-0127B828AACE}
	EndGlobalSection
EndGlobal
